
Microsoft Visual Studio Solution File, Format Version 12.00
# Visual Studio Version 16
VisualStudioVersion = 16.0.30413.136
MinimumVisualStudioVersion = 10.0.40219.1
Project("{FAE04EC0-301F-11D3-BF4B-00C04F79EFBC}") = "funktsionid", "funktsionid.csproj", "{EBC7AEEC-F0FD-4B2A-92AD-AA225CB14E44}"
EndProject
Global
	GlobalSection(SolutionConfigurationPlatforms) = preSolution
		Debug|Any CPU = Debug|Any CPU
		Release|Any CPU = Release|Any CPU
	EndGlobalSection
	GlobalSection(ProjectConfigurationPlatforms) = postSolution
		{EBC7AEEC-F0FD-4B2A-92AD-AA225CB14E44}.Debug|Any CPU.ActiveCfg = Debug|Any CPU
		{EBC7AEEC-F0FD-4B2A-92AD-AA225CB14E44}.Debug|Any CPU.Build.0 = Debug|Any CPU
		{EBC7AEEC-F0FD-4B2A-92AD-AA225CB14E44}.Release|Any CPU.ActiveCfg = Release|Any CPU
		{EBC7AEEC-F0FD-4B2A-92AD-AA225CB14E44}.Release|Any CPU.Build.0 = Release|Any CPU
	EndGlobalSection
	GlobalSection(SolutionProperties) = preSolution
		HideSolutionNode = FALSE
	EndGlobalSection
	GlobalSection(ExtensibilityGlobals) = postSolution
		SolutionGuid = {A528D6C7-9694-4EE7-AA8B-CD729567CD2F}
	EndGlobalSection
EndGlobal
